<?xml version="1.0" encoding="utf-8"?>
<Project ToolsVersion="4.0" xmlns="http://schemas.microsoft.com/developer/msbuild/2003">
  <ItemGroup>
    <ClCompile Include="Main.cpp" />
    <ClCompile Include="unwind\UnwindContext.cpp" />
    <ClCompile Include="unwind\StackFrame.cpp" />
    <ClCompile Include="unwind\UnwStackTrace.cpp" />
    <ClCompile Include="unwind\Thread.cpp" />
    <ClCompile Include="unwind\ThreadVector.cpp" />
    <ClCompile Include="SharedLibResolver.cpp" />
    <ClCompile Include="SharedLibFile.cpp" />
    <ClCompile Include="unwind\StacktraceUnwinder.cpp" />
    <ClCompile Include="unwind\ThreadUnwinder.cpp" />
    <ClCompile Include="extracting\ArchiveExtractor.cpp" />
    <ClCompile Include="extracting\FileExtractor.cpp" />
    <ClCompile Include="helper\FileSystemHelper.cpp" />
    <ClCompile Include="helper\StringHelper.cpp" />
  </ItemGroup>
  <ItemGroup>
    <ClInclude Include="unwind\UnwindContext.h" />
    <ClInclude Include="unwind\StackFrame.h" />
    <ClInclude Include="unwind\UnwStackTrace.h" />
    <ClInclude Include="unwind\Thread.h" />
    <ClInclude Include="unwind\ThreadVector.h" />
    <ClInclude Include="SharedLibResolver.h" />
    <ClInclude Include="SharedLibFile.h" />
    <ClInclude Include="unwind\StacktraceUnwinder.h" />
    <ClInclude Include="unwind\ThreadUnwinder.h" />
    <ClInclude Include="extracting\ArchiveExtractor.h" />
    <ClInclude Include="extracting\FileExtractor.h" />
    <ClInclude Include="helper\FileSystemHelper.h" />
    <ClInclude Include="helper\StringHelper.h" />
  </ItemGroup>
</Project>