
Microsoft Visual Studio Solution File, Format Version 12.00
# Visual Studio 15
VisualStudioVersion = 15.0.26430.13
MinimumVisualStudioVersion = 10.0.40219.1
Project("{2150E333-8FDC-42A3-9474-1A3956D46DE8}") = "conf", "conf", "{F1C07791-3C2A-400E-8505-87F0AA3D21EC}"
	ProjectSection(SolutionItems) = preProject
		..\conf\appsettings.json = ..\conf\appsettings.json
		..\conf\appsettings.json.template = ..\conf\appsettings.json.template
	EndProjectSection
EndProject
Project("{FAE04EC0-301F-11D3-BF4B-00C04F79EFBC}") = "SuperDump", "SuperDump\SuperDump.csproj", "{0DD4DA67-4E55-4EE1-9030-5A69D8CDC6B4}"
EndProject
Project("{FAE04EC0-301F-11D3-BF4B-00C04F79EFBC}") = "SuperDumpTests", "SuperDumpTests\SuperDumpTests.csproj", "{6C01A53B-099E-4F44-9CA9-02E2AB209204}"
EndProject
Project("{FAE04EC0-301F-11D3-BF4B-00C04F79EFBC}") = "SuperDumpSelector", "SuperDumpSelector\SuperDumpSelector.csproj", "{6D98C345-4F5E-44FA-A97A-998878D497DA}"
	ProjectSection(ProjectDependencies) = postProject
		{0DD4DA67-4E55-4EE1-9030-5A69D8CDC6B4} = {0DD4DA67-4E55-4EE1-9030-5A69D8CDC6B4}
	EndProjectSection
EndProject
Project("{9A19103F-16F7-4668-BE54-9A1E7A4F7556}") = "SuperDumpModels", "SuperDumpModels\SuperDumpModels.csproj", "{BB6EC51D-3ACC-4ADE-B09C-4217B4AD3C58}"
EndProject
Project("{9A19103F-16F7-4668-BE54-9A1E7A4F7556}") = "SuperDumpService", "SuperDumpService\SuperDumpService.csproj", "{F362A805-CAD7-44A5-A6E3-6F69DD429C8E}"
	ProjectSection(ProjectDependencies) = postProject
		{BB6EC51D-3ACC-4ADE-B09C-4217B4AD3C58} = {BB6EC51D-3ACC-4ADE-B09C-4217B4AD3C58}
	EndProjectSection
EndProject
Project("{FAE04EC0-301F-11D3-BF4B-00C04F79EFBC}") = "SuperDump.DebugDiag", "SuperDump.DebugDiag\SuperDump.DebugDiag.csproj", "{7AD98161-6822-47E6-8A68-9374D854599F}"
EndProject
Project("{9A19103F-16F7-4668-BE54-9A1E7A4F7556}") = "SuperDump.Common", "SuperDump.Common\SuperDump.Common.csproj", "{68D2B1C2-740B-48B4-8CE0-88D8B9437541}"
EndProject
Project("{8BC9CEB8-8B4A-11D0-8D11-00A0C91BC942}") = "LibunwindWrapper", "LibunwindWrapper\LibunwindWrapper.vcxproj", "{814407DD-4950-40EC-8AB6-DB92EAAEBC0D}"
EndProject
Project("{9A19103F-16F7-4668-BE54-9A1E7A4F7556}") = "SuperDump.Analyzer.Linux", "SuperDump.Analyzer.Linux\SuperDump.Analyzer.Linux.csproj", "{2630FB6A-4A60-4330-895F-7665045FED6F}"
EndProject
Project("{9A19103F-16F7-4668-BE54-9A1E7A4F7556}") = "SuperDump.Analyzer.Linux.Test", "SuperDump.Analyzer.Linux.Test\SuperDump.Analyzer.Linux.Test.csproj", "{6B6675F0-D49E-43C2-8CA4-48B1D3BE4EBE}"
EndProject
Project("{D954291E-2A0B-460D-934E-DC6B0785DB48}") = "SuperDump.Analyzer.Common", "SuperDump.Analyzer.Common\SuperDump.Analyzer.Common.shproj", "{EA333D99-767A-472B-A272-B44C659023C0}"
EndProject
Project("{9A19103F-16F7-4668-BE54-9A1E7A4F7556}") = "SuperDumpService.Test", "SuperDumpService.Test\SuperDumpService.Test.csproj", "{2DA2E3F2-D0B5-4DA3-8574-0587956F100E}"
EndProject
Project("{9A19103F-16F7-4668-BE54-9A1E7A4F7556}") = "SuperDumpService.Benchmark", "SuperDumpService.Benchmark\SuperDumpService.Benchmark.csproj", "{6C014CE6-464F-4420-A9AB-1D4E3DFFD48C}"
EndProject
Global
	GlobalSection(SharedMSBuildProjectFiles) = preSolution
		SuperDump.Analyzer.Common\SuperDump.Analyzer.Common.projitems*{0dd4da67-4e55-4ee1-9030-5a69d8cdc6b4}*SharedItemsImports = 4
		SuperDump.Analyzer.Common\SuperDump.Analyzer.Common.projitems*{ea333d99-767a-472b-a272-b44c659023c0}*SharedItemsImports = 13
	EndGlobalSection
	GlobalSection(SolutionConfigurationPlatforms) = preSolution
		Debug|Any CPU = Debug|Any CPU
		Debug|x64 = Debug|x64
		Debug|x86 = Debug|x86
		Release|Any CPU = Release|Any CPU
		Release|x64 = Release|x64
		Release|x86 = Release|x86
	EndGlobalSection
	GlobalSection(ProjectConfigurationPlatforms) = postSolution
		{0DD4DA67-4E55-4EE1-9030-5A69D8CDC6B4}.Debug|Any CPU.ActiveCfg = Debug|x64
		{0DD4DA67-4E55-4EE1-9030-5A69D8CDC6B4}.Debug|Any CPU.Build.0 = Debug|x64
		{0DD4DA67-4E55-4EE1-9030-5A69D8CDC6B4}.Debug|x64.ActiveCfg = Debug|x64
		{0DD4DA67-4E55-4EE1-9030-5A69D8CDC6B4}.Debug|x64.Build.0 = Debug|x64
		{0DD4DA67-4E55-4EE1-9030-5A69D8CDC6B4}.Debug|x86.ActiveCfg = Debug|x86
		{0DD4DA67-4E55-4EE1-9030-5A69D8CDC6B4}.Debug|x86.Build.0 = Debug|x86
		{0DD4DA67-4E55-4EE1-9030-5A69D8CDC6B4}.Release|Any CPU.ActiveCfg = Release|x64
		{0DD4DA67-4E55-4EE1-9030-5A69D8CDC6B4}.Release|Any CPU.Build.0 = Release|x64
		{0DD4DA67-4E55-4EE1-9030-5A69D8CDC6B4}.Release|x64.ActiveCfg = Release|x64
		{0DD4DA67-4E55-4EE1-9030-5A69D8CDC6B4}.Release|x64.Build.0 = Release|x64
		{0DD4DA67-4E55-4EE1-9030-5A69D8CDC6B4}.Release|x86.ActiveCfg = Release|x86
		{0DD4DA67-4E55-4EE1-9030-5A69D8CDC6B4}.Release|x86.Build.0 = Release|x86
		{6C01A53B-099E-4F44-9CA9-02E2AB209204}.Debug|Any CPU.ActiveCfg = Debug|Any CPU
		{6C01A53B-099E-4F44-9CA9-02E2AB209204}.Debug|Any CPU.Build.0 = Debug|Any CPU
		{6C01A53B-099E-4F44-9CA9-02E2AB209204}.Debug|x64.ActiveCfg = Debug|x64
		{6C01A53B-099E-4F44-9CA9-02E2AB209204}.Debug|x64.Build.0 = Debug|x64
		{6C01A53B-099E-4F44-9CA9-02E2AB209204}.Debug|x86.ActiveCfg = Debug|x86
		{6C01A53B-099E-4F44-9CA9-02E2AB209204}.Debug|x86.Build.0 = Debug|x86
		{6C01A53B-099E-4F44-9CA9-02E2AB209204}.Release|Any CPU.ActiveCfg = Release|Any CPU
		{6C01A53B-099E-4F44-9CA9-02E2AB209204}.Release|Any CPU.Build.0 = Release|Any CPU
		{6C01A53B-099E-4F44-9CA9-02E2AB209204}.Release|x64.ActiveCfg = Release|Any CPU
		{6C01A53B-099E-4F44-9CA9-02E2AB209204}.Release|x64.Build.0 = Release|Any CPU
		{6C01A53B-099E-4F44-9CA9-02E2AB209204}.Release|x86.ActiveCfg = Release|Any CPU
		{6C01A53B-099E-4F44-9CA9-02E2AB209204}.Release|x86.Build.0 = Release|Any CPU
		{6D98C345-4F5E-44FA-A97A-998878D497DA}.Debug|Any CPU.ActiveCfg = Debug|Any CPU
		{6D98C345-4F5E-44FA-A97A-998878D497DA}.Debug|Any CPU.Build.0 = Debug|Any CPU
		{6D98C345-4F5E-44FA-A97A-998878D497DA}.Debug|x64.ActiveCfg = Debug|Any CPU
		{6D98C345-4F5E-44FA-A97A-998878D497DA}.Debug|x64.Build.0 = Debug|Any CPU
		{6D98C345-4F5E-44FA-A97A-998878D497DA}.Debug|x86.ActiveCfg = Debug|Any CPU
		{6D98C345-4F5E-44FA-A97A-998878D497DA}.Debug|x86.Build.0 = Debug|Any CPU
		{6D98C345-4F5E-44FA-A97A-998878D497DA}.Release|Any CPU.ActiveCfg = Release|Any CPU
		{6D98C345-4F5E-44FA-A97A-998878D497DA}.Release|Any CPU.Build.0 = Release|Any CPU
		{6D98C345-4F5E-44FA-A97A-998878D497DA}.Release|x64.ActiveCfg = Release|Any CPU
		{6D98C345-4F5E-44FA-A97A-998878D497DA}.Release|x64.Build.0 = Release|Any CPU
		{6D98C345-4F5E-44FA-A97A-998878D497DA}.Release|x86.ActiveCfg = Release|Any CPU
		{6D98C345-4F5E-44FA-A97A-998878D497DA}.Release|x86.Build.0 = Release|Any CPU
		{BB6EC51D-3ACC-4ADE-B09C-4217B4AD3C58}.Debug|Any CPU.ActiveCfg = Debug|Any CPU
		{BB6EC51D-3ACC-4ADE-B09C-4217B4AD3C58}.Debug|Any CPU.Build.0 = Debug|Any CPU
		{BB6EC51D-3ACC-4ADE-B09C-4217B4AD3C58}.Debug|x64.ActiveCfg = Debug|Any CPU
		{BB6EC51D-3ACC-4ADE-B09C-4217B4AD3C58}.Debug|x64.Build.0 = Debug|Any CPU
		{BB6EC51D-3ACC-4ADE-B09C-4217B4AD3C58}.Debug|x86.ActiveCfg = Debug|Any CPU
		{BB6EC51D-3ACC-4ADE-B09C-4217B4AD3C58}.Debug|x86.Build.0 = Debug|Any CPU
		{BB6EC51D-3ACC-4ADE-B09C-4217B4AD3C58}.Release|Any CPU.ActiveCfg = Release|Any CPU
		{BB6EC51D-3ACC-4ADE-B09C-4217B4AD3C58}.Release|Any CPU.Build.0 = Release|Any CPU
		{BB6EC51D-3ACC-4ADE-B09C-4217B4AD3C58}.Release|x64.ActiveCfg = Release|Any CPU
		{BB6EC51D-3ACC-4ADE-B09C-4217B4AD3C58}.Release|x64.Build.0 = Release|Any CPU
		{BB6EC51D-3ACC-4ADE-B09C-4217B4AD3C58}.Release|x86.ActiveCfg = Release|Any CPU
		{BB6EC51D-3ACC-4ADE-B09C-4217B4AD3C58}.Release|x86.Build.0 = Release|Any CPU
		{F362A805-CAD7-44A5-A6E3-6F69DD429C8E}.Debug|Any CPU.ActiveCfg = Debug|Any CPU
		{F362A805-CAD7-44A5-A6E3-6F69DD429C8E}.Debug|Any CPU.Build.0 = Debug|Any CPU
		{F362A805-CAD7-44A5-A6E3-6F69DD429C8E}.Debug|x64.ActiveCfg = Debug|Any CPU
		{F362A805-CAD7-44A5-A6E3-6F69DD429C8E}.Debug|x64.Build.0 = Debug|Any CPU
		{F362A805-CAD7-44A5-A6E3-6F69DD429C8E}.Debug|x86.ActiveCfg = Debug|Any CPU
		{F362A805-CAD7-44A5-A6E3-6F69DD429C8E}.Debug|x86.Build.0 = Debug|Any CPU
		{F362A805-CAD7-44A5-A6E3-6F69DD429C8E}.Release|Any CPU.ActiveCfg = Release|Any CPU
		{F362A805-CAD7-44A5-A6E3-6F69DD429C8E}.Release|Any CPU.Build.0 = Release|Any CPU
		{F362A805-CAD7-44A5-A6E3-6F69DD429C8E}.Release|x64.ActiveCfg = Release|Any CPU
		{F362A805-CAD7-44A5-A6E3-6F69DD429C8E}.Release|x64.Build.0 = Release|Any CPU
		{F362A805-CAD7-44A5-A6E3-6F69DD429C8E}.Release|x86.ActiveCfg = Release|Any CPU
		{F362A805-CAD7-44A5-A6E3-6F69DD429C8E}.Release|x86.Build.0 = Release|Any CPU
		{7AD98161-6822-47E6-8A68-9374D854599F}.Debug|Any CPU.ActiveCfg = Debug|Any CPU
		{7AD98161-6822-47E6-8A68-9374D854599F}.Debug|Any CPU.Build.0 = Debug|Any CPU
		{7AD98161-6822-47E6-8A68-9374D854599F}.Debug|x64.ActiveCfg = Debug|Any CPU
		{7AD98161-6822-47E6-8A68-9374D854599F}.Debug|x64.Build.0 = Debug|Any CPU
		{7AD98161-6822-47E6-8A68-9374D854599F}.Debug|x86.ActiveCfg = Debug|Any CPU
		{7AD98161-6822-47E6-8A68-9374D854599F}.Debug|x86.Build.0 = Debug|Any CPU
		{7AD98161-6822-47E6-8A68-9374D854599F}.Release|Any CPU.ActiveCfg = Release|Any CPU
		{7AD98161-6822-47E6-8A68-9374D854599F}.Release|Any CPU.Build.0 = Release|Any CPU
		{7AD98161-6822-47E6-8A68-9374D854599F}.Release|x64.ActiveCfg = Release|Any CPU
		{7AD98161-6822-47E6-8A68-9374D854599F}.Release|x64.Build.0 = Release|Any CPU
		{7AD98161-6822-47E6-8A68-9374D854599F}.Release|x86.ActiveCfg = Release|Any CPU
		{7AD98161-6822-47E6-8A68-9374D854599F}.Release|x86.Build.0 = Release|Any CPU
		{68D2B1C2-740B-48B4-8CE0-88D8B9437541}.Debug|Any CPU.ActiveCfg = Debug|Any CPU
		{68D2B1C2-740B-48B4-8CE0-88D8B9437541}.Debug|Any CPU.Build.0 = Debug|Any CPU
		{68D2B1C2-740B-48B4-8CE0-88D8B9437541}.Debug|x64.ActiveCfg = Debug|Any CPU
		{68D2B1C2-740B-48B4-8CE0-88D8B9437541}.Debug|x64.Build.0 = Debug|Any CPU
		{68D2B1C2-740B-48B4-8CE0-88D8B9437541}.Debug|x86.ActiveCfg = Debug|Any CPU
		{68D2B1C2-740B-48B4-8CE0-88D8B9437541}.Debug|x86.Build.0 = Debug|Any CPU
		{68D2B1C2-740B-48B4-8CE0-88D8B9437541}.Release|Any CPU.ActiveCfg = Release|Any CPU
		{68D2B1C2-740B-48B4-8CE0-88D8B9437541}.Release|Any CPU.Build.0 = Release|Any CPU
		{68D2B1C2-740B-48B4-8CE0-88D8B9437541}.Release|x64.ActiveCfg = Release|Any CPU
		{68D2B1C2-740B-48B4-8CE0-88D8B9437541}.Release|x64.Build.0 = Release|Any CPU
		{68D2B1C2-740B-48B4-8CE0-88D8B9437541}.Release|x86.ActiveCfg = Release|Any CPU
		{68D2B1C2-740B-48B4-8CE0-88D8B9437541}.Release|x86.Build.0 = Release|Any CPU
		{814407DD-4950-40EC-8AB6-DB92EAAEBC0D}.Debug|Any CPU.ActiveCfg = Debug|x86
		{814407DD-4950-40EC-8AB6-DB92EAAEBC0D}.Debug|x64.ActiveCfg = Debug|x64
		{814407DD-4950-40EC-8AB6-DB92EAAEBC0D}.Debug|x64.Build.0 = Debug|x64
		{814407DD-4950-40EC-8AB6-DB92EAAEBC0D}.Debug|x86.ActiveCfg = Debug|x86
		{814407DD-4950-40EC-8AB6-DB92EAAEBC0D}.Debug|x86.Build.0 = Debug|x86
		{814407DD-4950-40EC-8AB6-DB92EAAEBC0D}.Release|Any CPU.ActiveCfg = Release|x86
		{814407DD-4950-40EC-8AB6-DB92EAAEBC0D}.Release|x64.ActiveCfg = Release|x64
		{814407DD-4950-40EC-8AB6-DB92EAAEBC0D}.Release|x64.Build.0 = Release|x64
		{814407DD-4950-40EC-8AB6-DB92EAAEBC0D}.Release|x86.ActiveCfg = Release|x86
		{814407DD-4950-40EC-8AB6-DB92EAAEBC0D}.Release|x86.Build.0 = Release|x86
		{2630FB6A-4A60-4330-895F-7665045FED6F}.Debug|Any CPU.ActiveCfg = Debug|Any CPU
		{2630FB6A-4A60-4330-895F-7665045FED6F}.Debug|Any CPU.Build.0 = Debug|Any CPU
		{2630FB6A-4A60-4330-895F-7665045FED6F}.Debug|x64.ActiveCfg = Debug|Any CPU
		{2630FB6A-4A60-4330-895F-7665045FED6F}.Debug|x64.Build.0 = Debug|Any CPU
		{2630FB6A-4A60-4330-895F-7665045FED6F}.Debug|x86.ActiveCfg = Debug|Any CPU
		{2630FB6A-4A60-4330-895F-7665045FED6F}.Debug|x86.Build.0 = Debug|Any CPU
		{2630FB6A-4A60-4330-895F-7665045FED6F}.Release|Any CPU.ActiveCfg = Release|Any CPU
		{2630FB6A-4A60-4330-895F-7665045FED6F}.Release|Any CPU.Build.0 = Release|Any CPU
		{2630FB6A-4A60-4330-895F-7665045FED6F}.Release|x64.ActiveCfg = Release|Any CPU
		{2630FB6A-4A60-4330-895F-7665045FED6F}.Release|x64.Build.0 = Release|Any CPU
		{2630FB6A-4A60-4330-895F-7665045FED6F}.Release|x86.ActiveCfg = Release|Any CPU
		{2630FB6A-4A60-4330-895F-7665045FED6F}.Release|x86.Build.0 = Release|Any CPU
		{6B6675F0-D49E-43C2-8CA4-48B1D3BE4EBE}.Debug|Any CPU.ActiveCfg = Debug|Any CPU
		{6B6675F0-D49E-43C2-8CA4-48B1D3BE4EBE}.Debug|Any CPU.Build.0 = Debug|Any CPU
		{6B6675F0-D49E-43C2-8CA4-48B1D3BE4EBE}.Debug|x64.ActiveCfg = Debug|Any CPU
		{6B6675F0-D49E-43C2-8CA4-48B1D3BE4EBE}.Debug|x64.Build.0 = Debug|Any CPU
		{6B6675F0-D49E-43C2-8CA4-48B1D3BE4EBE}.Debug|x86.ActiveCfg = Debug|Any CPU
		{6B6675F0-D49E-43C2-8CA4-48B1D3BE4EBE}.Debug|x86.Build.0 = Debug|Any CPU
		{6B6675F0-D49E-43C2-8CA4-48B1D3BE4EBE}.Release|Any CPU.ActiveCfg = Release|Any CPU
		{6B6675F0-D49E-43C2-8CA4-48B1D3BE4EBE}.Release|Any CPU.Build.0 = Release|Any CPU
		{6B6675F0-D49E-43C2-8CA4-48B1D3BE4EBE}.Release|x64.ActiveCfg = Release|Any CPU
		{6B6675F0-D49E-43C2-8CA4-48B1D3BE4EBE}.Release|x64.Build.0 = Release|Any CPU
		{6B6675F0-D49E-43C2-8CA4-48B1D3BE4EBE}.Release|x86.ActiveCfg = Release|Any CPU
		{6B6675F0-D49E-43C2-8CA4-48B1D3BE4EBE}.Release|x86.Build.0 = Release|Any CPU
		{2DA2E3F2-D0B5-4DA3-8574-0587956F100E}.Debug|Any CPU.ActiveCfg = Debug|Any CPU
		{2DA2E3F2-D0B5-4DA3-8574-0587956F100E}.Debug|Any CPU.Build.0 = Debug|Any CPU
		{2DA2E3F2-D0B5-4DA3-8574-0587956F100E}.Debug|x64.ActiveCfg = Debug|Any CPU
		{2DA2E3F2-D0B5-4DA3-8574-0587956F100E}.Debug|x64.Build.0 = Debug|Any CPU
		{2DA2E3F2-D0B5-4DA3-8574-0587956F100E}.Debug|x86.ActiveCfg = Debug|Any CPU
		{2DA2E3F2-D0B5-4DA3-8574-0587956F100E}.Debug|x86.Build.0 = Debug|Any CPU
		{2DA2E3F2-D0B5-4DA3-8574-0587956F100E}.Release|Any CPU.ActiveCfg = Release|Any CPU
		{2DA2E3F2-D0B5-4DA3-8574-0587956F100E}.Release|Any CPU.Build.0 = Release|Any CPU
		{2DA2E3F2-D0B5-4DA3-8574-0587956F100E}.Release|x64.ActiveCfg = Release|Any CPU
		{2DA2E3F2-D0B5-4DA3-8574-0587956F100E}.Release|x64.Build.0 = Release|Any CPU
		{2DA2E3F2-D0B5-4DA3-8574-0587956F100E}.Release|x86.ActiveCfg = Release|Any CPU
		{2DA2E3F2-D0B5-4DA3-8574-0587956F100E}.Release|x86.Build.0 = Release|Any CPU
		{6C014CE6-464F-4420-A9AB-1D4E3DFFD48C}.Debug|Any CPU.ActiveCfg = Debug|Any CPU
		{6C014CE6-464F-4420-A9AB-1D4E3DFFD48C}.Debug|Any CPU.Build.0 = Debug|Any CPU
		{6C014CE6-464F-4420-A9AB-1D4E3DFFD48C}.Debug|x64.ActiveCfg = Debug|Any CPU
		{6C014CE6-464F-4420-A9AB-1D4E3DFFD48C}.Debug|x64.Build.0 = Debug|Any CPU
		{6C014CE6-464F-4420-A9AB-1D4E3DFFD48C}.Debug|x86.ActiveCfg = Debug|Any CPU
		{6C014CE6-464F-4420-A9AB-1D4E3DFFD48C}.Debug|x86.Build.0 = Debug|Any CPU
		{6C014CE6-464F-4420-A9AB-1D4E3DFFD48C}.Release|Any CPU.ActiveCfg = Release|Any CPU
		{6C014CE6-464F-4420-A9AB-1D4E3DFFD48C}.Release|Any CPU.Build.0 = Release|Any CPU
		{6C014CE6-464F-4420-A9AB-1D4E3DFFD48C}.Release|x64.ActiveCfg = Release|Any CPU
		{6C014CE6-464F-4420-A9AB-1D4E3DFFD48C}.Release|x64.Build.0 = Release|Any CPU
		{6C014CE6-464F-4420-A9AB-1D4E3DFFD48C}.Release|x86.ActiveCfg = Release|Any CPU
		{6C014CE6-464F-4420-A9AB-1D4E3DFFD48C}.Release|x86.Build.0 = Release|Any CPU
	EndGlobalSection
	GlobalSection(SolutionProperties) = preSolution
		HideSolutionNode = FALSE
	EndGlobalSection
	GlobalSection(ExtensibilityGlobals) = postSolution
		SolutionGuid = {C78CAF0D-9CBC-43FF-9BB6-47719C7E8319}
	EndGlobalSection
EndGlobal
